
Microsoft Visual Studio Solution File, Format Version 12.00
# Visual Studio Version 16
VisualStudioVersion = 16.0.31424.327
MinimumVisualStudioVersion = 10.0.40219.1
Project("{FAE04EC0-301F-11D3-BF4B-00C04F79EFBC}") = "CDNSTORES", "CDNSTORES.csproj", "{933E6493-0C5F-4E8F-83AF-5719ECC39C16}"
EndProject
Global
	GlobalSection(SolutionConfigurationPlatforms) = preSolution
		Debug|Any CPU = Debug|Any CPU
		Release|Any CPU = Release|Any CPU
	EndGlobalSection
	GlobalSection(ProjectConfigurationPlatforms) = postSolution
		{933E6493-0C5F-4E8F-83AF-5719ECC39C16}.Debug|Any CPU.ActiveCfg = Debug|Any CPU
		{933E6493-0C5F-4E8F-83AF-5719ECC39C16}.Debug|Any CPU.Build.0 = Debug|Any CPU
		{933E6493-0C5F-4E8F-83AF-5719ECC39C16}.Release|Any CPU.ActiveCfg = Release|Any CPU
		{933E6493-0C5F-4E8F-83AF-5719ECC39C16}.Release|Any CPU.Build.0 = Release|Any CPU
	EndGlobalSection
	GlobalSection(SolutionProperties) = preSolution
		HideSolutionNode = FALSE
	EndGlobalSection
	GlobalSection(ExtensibilityGlobals) = postSolution
		SolutionGuid = {E15F4F47-082C-4DF0-89C8-CA9FEA9D94DB}
	EndGlobalSection
EndGlobal
